
Microsoft Visual Studio Solution File, Format Version 12.00
# Visual Studio Version 17
VisualStudioVersion = 17.1.32319.34
MinimumVisualStudioVersion = 10.0.40219.1
Project("{FAE04EC0-301F-11D3-BF4B-00C04F79EFBC}") = "TheDarkTowerMVC", "TheDarkTowerMVC\TheDarkTowerMVC.csproj", "{4E020922-F3CF-4648-AA00-83E7CC028C2F}"
EndProject
Global
	GlobalSection(SolutionConfigurationPlatforms) = preSolution
		Debug|Any CPU = Debug|Any CPU
		Release|Any CPU = Release|Any CPU
	EndGlobalSection
	GlobalSection(ProjectConfigurationPlatforms) = postSolution
		{4E020922-F3CF-4648-AA00-83E7CC028C2F}.Debug|Any CPU.ActiveCfg = Debug|Any CPU
		{4E020922-F3CF-4648-AA00-83E7CC028C2F}.Debug|Any CPU.Build.0 = Debug|Any CPU
		{4E020922-F3CF-4648-AA00-83E7CC028C2F}.Release|Any CPU.ActiveCfg = Release|Any CPU
		{4E020922-F3CF-4648-AA00-83E7CC028C2F}.Release|Any CPU.Build.0 = Release|Any CPU
	EndGlobalSection
	GlobalSection(SolutionProperties) = preSolution
		HideSolutionNode = FALSE
	EndGlobalSection
	GlobalSection(ExtensibilityGlobals) = postSolution
		SolutionGuid = {FE18FC66-8B3A-41E4-9BF9-2C559302B506}
	EndGlobalSection
EndGlobal
